PODS:
  - BitmovinAnalyticsCollector/BitmovinPlayer (2.4.0):
    - BitmovinAnalyticsCollector/Core
    - BitmovinPlayer (~> 3.0)
  - BitmovinAnalyticsCollector/Core (2.4.0)
  - BitmovinPlayer (3.9.0)
  - boost-for-react-native (1.63.0)
  - CocoaAsyncSocket (7.6.5)
  - DoubleConversion (1.1.6)
  - FBLazyVector (0.64.2-4)
  - FBReactNativeSpec (0.64.2-4):
    - RCT-Folly (= 2020.01.13.00)
    - RCTRequired (= 0.64.2-4)
    - RCTTypeSafety (= 0.64.2-4)
    - React-Core (= 0.64.2-4)
    - React-jsi (= 0.64.2-4)
    - ReactCommon/turbomodule/core (= 0.64.2-4)
  - Flipper (0.41.5):
    - Flipper-Folly (~> 2.2)
    - Flipper-RSocket (~> 1.1)
  - Flipper-Boost-iOSX (1.76.0.1.11)
  - Flipper-DoubleConversion (1.1.7)
  - Flipper-Fmt (7.1.7)
  - Flipper-Folly (2.6.9):
    - Flipper-Boost-iOSX
    - Flipper-DoubleConversion
    - Flipper-Fmt (= 7.1.7)
    - Flipper-Glog
    - libevent (~> 2.1.12)
    - OpenSSL-Universal (= 1.1.1100)
  - Flipper-Glog (0.3.6)
  - Flipper-PeerTalk (0.0.4)
  - Flipper-RSocket (1.4.3):
    - Flipper-Folly (~> 2.6)
  - FlipperKit (0.41.5):
    - FlipperKit/Core (= 0.41.5)
  - FlipperKit/Core (0.41.5):
    - Flipper (~> 0.41.5)
    - FlipperKit/CppBridge
    - FlipperKit/FBCxxFollyDynamicConvert
    - FlipperKit/FBDefines
    - FlipperKit/FKPortForwarding
  - FlipperKit/CppBridge (0.41.5):
    - Flipper (~> 0.41.5)
  - FlipperKit/FBCxxFollyDynamicConvert (0.41.5):
    - Flipper-Folly (~> 2.2)
  - FlipperKit/FBDefines (0.41.5)
  - FlipperKit/FKPortForwarding (0.41.5):
    - CocoaAsyncSocket (~> 7.6)
    - Flipper-PeerTalk (~> 0.0.4)
  - FlipperKit/FlipperKitHighlightOverlay (0.41.5)
  - FlipperKit/FlipperKitLayoutPlugin (0.41.5):
    - FlipperKit/Core
    - FlipperKit/FlipperKitHighlightOverlay
    - FlipperKit/FlipperKitLayoutTextSearchable
    - YogaKit (~> 1.18)
  - FlipperKit/FlipperKitLayoutTextSearchable (0.41.5)
  - FlipperKit/FlipperKitNetworkPlugin (0.41.5):
    - FlipperKit/Core
  - FlipperKit/FlipperKitReactPlugin (0.41.5):
    - FlipperKit/Core
  - FlipperKit/FlipperKitUserDefaultsPlugin (0.41.5):
    - FlipperKit/Core
  - FlipperKit/SKIOSNetworkPlugin (0.41.5):
    - FlipperKit/Core
    - FlipperKit/FlipperKitNetworkPlugin
  - glog (0.3.5)
  - libevent (2.1.12)
  - libwebp (1.2.0):
    - libwebp/demux (= 1.2.0)
    - libwebp/mux (= 1.2.0)
    - libwebp/webp (= 1.2.0)
  - libwebp/demux (1.2.0):
    - libwebp/webp
  - libwebp/mux (1.2.0):
    - libwebp/demux
  - libwebp/webp (1.2.0)
  - OpenSSL-Universal (1.1.1100)
  - RCT-Folly (2020.01.13.00):
    - boost-for-react-native
    - DoubleConversion
    - glog
    - RCT-Folly/Default (= 2020.01.13.00)
  - RCT-Folly/Default (2020.01.13.00):
    - boost-for-react-native
    - DoubleConversion
    - glog
  - RCTRequired (0.64.2-4)
  - RCTTypeSafety (0.64.2-4):
    - FBLazyVector (= 0.64.2-4)
    - RCT-Folly (= 2020.01.13.00)
    - RCTRequired (= 0.64.2-4)
    - React-Core (= 0.64.2-4)
  - React (0.64.2-4):
    - React-Core (= 0.64.2-4)
    - React-Core/DevSupport (= 0.64.2-4)
    - React-Core/RCTWebSocket (= 0.64.2-4)
    - React-RCTAnimation (= 0.64.2-4)
    - React-RCTBlob (= 0.64.2-4)
    - React-RCTImage (= 0.64.2-4)
    - React-RCTLinking (= 0.64.2-4)
    - React-RCTNetwork (= 0.64.2-4)
    - React-RCTSettings (= 0.64.2-4)
    - React-RCTText (= 0.64.2-4)
  - React-callinvoker (0.64.2-4)
  - React-Core (0.64.2-4):
    - glog
    - RCT-Folly (= 2020.01.13.00)
    - React-Core/Default (= 0.64.2-4)
    - React-cxxreact (= 0.64.2-4)
    - React-jsi (= 0.64.2-4)
    - React-jsiexecutor (= 0.64.2-4)
    - React-perflogger (= 0.64.2-4)
    - Yoga
  - React-Core/CoreModulesHeaders (0.64.2-4):
    - glog
    - RCT-Folly (= 2020.01.13.00)
    - React-Core/Default
    - React-cxxreact (= 0.64.2-4)
    - React-jsi (= 0.64.2-4)
    - React-jsiexecutor (= 0.64.2-4)
    - React-perflogger (= 0.64.2-4)
    - Yoga
  - React-Core/Default (0.64.2-4):
    - glog
    - RCT-Folly (= 2020.01.13.00)
    - React-cxxreact (= 0.64.2-4)
    - React-jsi (= 0.64.2-4)
    - React-jsiexecutor (= 0.64.2-4)
    - React-perflogger (= 0.64.2-4)
    - Yoga
  - React-Core/DevSupport (0.64.2-4):
    - glog
    - RCT-Folly (= 2020.01.13.00)
    - React-Core/Default (= 0.64.2-4)
    - React-Core/RCTWebSocket (= 0.64.2-4)
    - React-cxxreact (= 0.64.2-4)
    - React-jsi (= 0.64.2-4)
    - React-jsiexecutor (= 0.64.2-4)
    - React-jsinspector (= 0.64.2-4)
    - React-perflogger (= 0.64.2-4)
    - Yoga
  - React-Core/RCTAnimationHeaders (0.64.2-4):
    - glog
    - RCT-Folly (= 2020.01.13.00)
    - React-Core/Default
    - React-cxxreact (= 0.64.2-4)
    - React-jsi (= 0.64.2-4)
    - React-jsiexecutor (= 0.64.2-4)
    - React-perflogger (= 0.64.2-4)
    - Yoga
  - React-Core/RCTBlobHeaders (0.64.2-4):
    - glog
    - RCT-Folly (= 2020.01.13.00)
    - React-Core/Default
    - React-cxxreact (= 0.64.2-4)
    - React-jsi (= 0.64.2-4)
    - React-jsiexecutor (= 0.64.2-4)
    - React-perflogger (= 0.64.2-4)
    - Yoga
  - React-Core/RCTImageHeaders (0.64.2-4):
    - glog
    - RCT-Folly (= 2020.01.13.00)
    - React-Core/Default
    - React-cxxreact (= 0.64.2-4)
    - React-jsi (= 0.64.2-4)
    - React-jsiexecutor (= 0.64.2-4)
    - React-perflogger (= 0.64.2-4)
    - Yoga
  - React-Core/RCTLinkingHeaders (0.64.2-4):
    - glog
    - RCT-Folly (= 2020.01.13.00)
    - React-Core/Default
    - React-cxxreact (= 0.64.2-4)
    - React-jsi (= 0.64.2-4)
    - React-jsiexecutor (= 0.64.2-4)
    - React-perflogger (= 0.64.2-4)
    - Yoga
  - React-Core/RCTNetworkHeaders (0.64.2-4):
    - glog
    - RCT-Folly (= 2020.01.13.00)
    - React-Core/Default
    - React-cxxreact (= 0.64.2-4)
    - React-jsi (= 0.64.2-4)
    - React-jsiexecutor (= 0.64.2-4)
    - React-perflogger (= 0.64.2-4)
    - Yoga
  - React-Core/RCTSettingsHeaders (0.64.2-4):
    - glog
    - RCT-Folly (= 2020.01.13.00)
    - React-Core/Default
    - React-cxxreact (= 0.64.2-4)
    - React-jsi (= 0.64.2-4)
    - React-jsiexecutor (= 0.64.2-4)
    - React-perflogger (= 0.64.2-4)
    - Yoga
  - React-Core/RCTTextHeaders (0.64.2-4):
    - glog
    - RCT-Folly (= 2020.01.13.00)
    - React-Core/Default
    - React-cxxreact (= 0.64.2-4)
    - React-jsi (= 0.64.2-4)
    - React-jsiexecutor (= 0.64.2-4)
    - React-perflogger (= 0.64.2-4)
    - Yoga
  - React-Core/RCTWebSocket (0.64.2-4):
    - glog
    - RCT-Folly (= 2020.01.13.00)
    - React-Core/Default (= 0.64.2-4)
    - React-cxxreact (= 0.64.2-4)
    - React-jsi (= 0.64.2-4)
    - React-jsiexecutor (= 0.64.2-4)
    - React-perflogger (= 0.64.2-4)
    - Yoga
  - React-CoreModules (0.64.2-4):
    - FBReactNativeSpec (= 0.64.2-4)
    - RCT-Folly (= 2020.01.13.00)
    - RCTTypeSafety (= 0.64.2-4)
    - React-Core/CoreModulesHeaders (= 0.64.2-4)
    - React-jsi (= 0.64.2-4)
    - React-RCTImage (= 0.64.2-4)
    - ReactCommon/turbomodule/core (= 0.64.2-4)
  - React-cxxreact (0.64.2-4):
    - boost-for-react-native (= 1.63.0)
    - DoubleConversion
    - glog
    - RCT-Folly (= 2020.01.13.00)
    - React-callinvoker (= 0.64.2-4)
    - React-jsi (= 0.64.2-4)
    - React-jsinspector (= 0.64.2-4)
    - React-perflogger (= 0.64.2-4)
    - React-runtimeexecutor (= 0.64.2-4)
  - React-jsi (0.64.2-4):
    - boost-for-react-native (= 1.63.0)
    - DoubleConversion
    - glog
    - RCT-Folly (= 2020.01.13.00)
    - React-jsi/Default (= 0.64.2-4)
  - React-jsi/Default (0.64.2-4):
    - boost-for-react-native (= 1.63.0)
    - DoubleConversion
    - glog
    - RCT-Folly (= 2020.01.13.00)
  - React-jsiexecutor (0.64.2-4):
    - DoubleConversion
    - glog
    - RCT-Folly (= 2020.01.13.00)
    - React-cxxreact (= 0.64.2-4)
    - React-jsi (= 0.64.2-4)
    - React-perflogger (= 0.64.2-4)
  - React-jsinspector (0.64.2-4)
  - react-native-safe-area-context (3.3.2):
    - React-Core
  - React-perflogger (0.64.2-4)
  - React-RCTAnimation (0.64.2-4):
    - FBReactNativeSpec (= 0.64.2-4)
    - RCT-Folly (= 2020.01.13.00)
    - RCTTypeSafety (= 0.64.2-4)
    - React-Core/RCTAnimationHeaders (= 0.64.2-4)
    - React-jsi (= 0.64.2-4)
    - ReactCommon/turbomodule/core (= 0.64.2-4)
  - React-RCTBlob (0.64.2-4):
    - FBReactNativeSpec (= 0.64.2-4)
    - RCT-Folly (= 2020.01.13.00)
    - React-Core/RCTBlobHeaders (= 0.64.2-4)
    - React-Core/RCTWebSocket (= 0.64.2-4)
    - React-jsi (= 0.64.2-4)
    - React-RCTNetwork (= 0.64.2-4)
    - ReactCommon/turbomodule/core (= 0.64.2-4)
  - React-RCTImage (0.64.2-4):
    - FBReactNativeSpec (= 0.64.2-4)
    - RCT-Folly (= 2020.01.13.00)
    - RCTTypeSafety (= 0.64.2-4)
    - React-Core/RCTImageHeaders (= 0.64.2-4)
    - React-jsi (= 0.64.2-4)
    - React-RCTNetwork (= 0.64.2-4)
    - ReactCommon/turbomodule/core (= 0.64.2-4)
  - React-RCTLinking (0.64.2-4):
    - FBReactNativeSpec (= 0.64.2-4)
    - React-Core/RCTLinkingHeaders (= 0.64.2-4)
    - React-jsi (= 0.64.2-4)
    - ReactCommon/turbomodule/core (= 0.64.2-4)
  - React-RCTNetwork (0.64.2-4):
    - FBReactNativeSpec (= 0.64.2-4)
    - RCT-Folly (= 2020.01.13.00)
    - RCTTypeSafety (= 0.64.2-4)
    - React-Core/RCTNetworkHeaders (= 0.64.2-4)
    - React-jsi (= 0.64.2-4)
    - ReactCommon/turbomodule/core (= 0.64.2-4)
  - React-RCTSettings (0.64.2-4):
    - FBReactNativeSpec (= 0.64.2-4)
    - RCT-Folly (= 2020.01.13.00)
    - RCTTypeSafety (= 0.64.2-4)
    - React-Core/RCTSettingsHeaders (= 0.64.2-4)
    - React-jsi (= 0.64.2-4)
    - ReactCommon/turbomodule/core (= 0.64.2-4)
  - React-RCTText (0.64.2-4):
    - React-Core/RCTTextHeaders (= 0.64.2-4)
  - React-runtimeexecutor (0.64.2-4):
    - React-jsi (= 0.64.2-4)
  - ReactCommon/turbomodule/core (0.64.2-4):
    - DoubleConversion
    - glog
    - RCT-Folly (= 2020.01.13.00)
    - React-callinvoker (= 0.64.2-4)
    - React-Core (= 0.64.2-4)
    - React-cxxreact (= 0.64.2-4)
    - React-jsi (= 0.64.2-4)
    - React-perflogger (= 0.64.2-4)
  - RNBootSplash (3.2.6):
    - React-Core
  - RNCAsyncStorage (1.15.11):
    - React-Core
  - RNCMaskedView (0.2.6):
    - React-Core
  - RNDeviceInfo (8.4.5):
    - React-Core
  - RNFastImage (8.5.11):
    - React-Core
    - SDWebImage (~> 5.11.1)
    - SDWebImageWebPCoder (~> 0.8.4)
  - RNGestureHandler (1.10.3):
    - React-Core
  - RNReanimated (1.13.3):
    - React-Core
  - RNScreens (3.9.0):
    - React-Core
    - React-RCTImage
  - RNSentry (2.6.2):
    - React-Core
    - Sentry (= 7.1.4)
  - RNSVG (12.2.0):
    - React-Core
  - SDWebImage (5.11.1):
    - SDWebImage/Core (= 5.11.1)
  - SDWebImage/Core (5.11.1)
  - SDWebImageWebPCoder (0.8.4):
    - libwebp (~> 1.0)
    - SDWebImage/Core (~> 5.10)
  - Sentry (7.1.4):
    - Sentry/Core (= 7.1.4)
  - Sentry/Core (7.1.4)
  - Yoga (1.14.0)
  - YogaKit (1.18.1):
    - Yoga

DEPENDENCIES:
  - BitmovinAnalyticsCollector/BitmovinPlayer (= 2.4.0)
  - BitmovinAnalyticsCollector/Core (= 2.4.0)
  - BitmovinPlayer (= 3.9.0)
  - DoubleConversion (from `../node_modules/react-native/third-party-podspecs/DoubleConversion.podspec`)
  - FBLazyVector (from `../node_modules/react-native/Libraries/FBLazyVector`)
  - FBReactNativeSpec (from `../node_modules/react-native/React/FBReactNativeSpec`)
  - Flipper (~> 0.41.1)
  - Flipper-DoubleConversion (= 1.1.7)
  - Flipper-Folly (~> 2.2)
  - Flipper-Glog (= 0.3.6)
  - Flipper-PeerTalk (~> 0.0.4)
  - Flipper-RSocket (~> 1.1)
  - FlipperKit (~> 0.41.1)
  - FlipperKit/Core (~> 0.41.1)
  - FlipperKit/CppBridge (~> 0.41.1)
  - FlipperKit/FBCxxFollyDynamicConvert (~> 0.41.1)
  - FlipperKit/FBDefines (~> 0.41.1)
  - FlipperKit/FKPortForwarding (~> 0.41.1)
  - FlipperKit/FlipperKitHighlightOverlay (~> 0.41.1)
  - FlipperKit/FlipperKitLayoutPlugin (~> 0.41.1)
  - FlipperKit/FlipperKitLayoutTextSearchable (~> 0.41.1)
  - FlipperKit/FlipperKitNetworkPlugin (~> 0.41.1)
  - FlipperKit/FlipperKitReactPlugin (~> 0.41.1)
  - FlipperKit/FlipperKitUserDefaultsPlugin (~> 0.41.1)
  - FlipperKit/SKIOSNetworkPlugin (~> 0.41.1)
  - glog (from `../node_modules/react-native/third-party-podspecs/glog.podspec`)
  - RCT-Folly (from `../node_modules/react-native/third-party-podspecs/RCT-Folly.podspec`)
  - RCTRequired (from `../node_modules/react-native/Libraries/RCTRequired`)
  - RCTTypeSafety (from `../node_modules/react-native/Libraries/TypeSafety`)
  - React (from `../node_modules/react-native/`)
  - React-callinvoker (from `../node_modules/react-native/ReactCommon/callinvoker`)
  - React-Core (from `../node_modules/react-native/`)
  - React-Core/DevSupport (from `../node_modules/react-native/`)
  - React-Core/RCTWebSocket (from `../node_modules/react-native/`)
  - React-CoreModules (from `../node_modules/react-native/React/CoreModules`)
  - React-cxxreact (from `../node_modules/react-native/ReactCommon/cxxreact`)
  - React-jsi (from `../node_modules/react-native/ReactCommon/jsi`)
  - React-jsiexecutor (from `../node_modules/react-native/ReactCommon/jsiexecutor`)
  - React-jsinspector (from `../node_modules/react-native/ReactCommon/jsinspector`)
  - react-native-safe-area-context (from `../node_modules/react-native-safe-area-context`)
  - React-perflogger (from `../node_modules/react-native/ReactCommon/reactperflogger`)
  - React-RCTAnimation (from `../node_modules/react-native/Libraries/NativeAnimation`)
  - React-RCTBlob (from `../node_modules/react-native/Libraries/Blob`)
  - React-RCTImage (from `../node_modules/react-native/Libraries/Image`)
  - React-RCTLinking (from `../node_modules/react-native/Libraries/LinkingIOS`)
  - React-RCTNetwork (from `../node_modules/react-native/Libraries/Network`)
  - React-RCTSettings (from `../node_modules/react-native/Libraries/Settings`)
  - React-RCTText (from `../node_modules/react-native/Libraries/Text`)
  - React-runtimeexecutor (from `../node_modules/react-native/ReactCommon/runtimeexecutor`)
  - ReactCommon/turbomodule/core (from `../node_modules/react-native/ReactCommon`)
  - RNBootSplash (from `../node_modules/react-native-bootsplash`)
  - "RNCAsyncStorage (from `../node_modules/@react-native-async-storage/async-storage`)"
  - "RNCMaskedView (from `../node_modules/@react-native-masked-view/masked-view`)"
  - RNDeviceInfo (from `../node_modules/react-native-device-info`)
  - RNFastImage (from `../node_modules/react-native-fast-image`)
  - RNGestureHandler (from `../node_modules/react-native-gesture-handler`)
  - RNReanimated (from `../node_modules/react-native-reanimated`)
  - RNScreens (from `../node_modules/react-native-screens`)
  - "RNSentry (from `../node_modules/@sentry/react-native`)"
  - RNSVG (from `../node_modules/react-native-svg`)
  - Yoga (from `../node_modules/react-native/ReactCommon/yoga`)

SPEC REPOS:
  https://github.com/bitmovin/cocoapod-specs.git:
    - BitmovinAnalyticsCollector
    - BitmovinPlayer
  https://github.com/react-native-tvos/react-native-tvos-podspecs.git:
    - Flipper-PeerTalk
    - YogaKit
  trunk:
    - boost-for-react-native
    - CocoaAsyncSocket
    - Flipper
    - Flipper-Boost-iOSX
    - Flipper-DoubleConversion
    - Flipper-Fmt
    - Flipper-Folly
    - Flipper-Glog
    - Flipper-RSocket
    - FlipperKit
    - libevent
    - libwebp
    - OpenSSL-Universal
    - SDWebImage
    - SDWebImageWebPCoder
    - Sentry

EXTERNAL SOURCES:
  DoubleConversion:
    :podspec: "../node_modules/react-native/third-party-podspecs/DoubleConversion.podspec"
  FBLazyVector:
    :path: "../node_modules/react-native/Libraries/FBLazyVector"
  FBReactNativeSpec:
    :path: "../node_modules/react-native/React/FBReactNativeSpec"
  glog:
    :podspec: "../node_modules/react-native/third-party-podspecs/glog.podspec"
  RCT-Folly:
    :podspec: "../node_modules/react-native/third-party-podspecs/RCT-Folly.podspec"
  RCTRequired:
    :path: "../node_modules/react-native/Libraries/RCTRequired"
  RCTTypeSafety:
    :path: "../node_modules/react-native/Libraries/TypeSafety"
  React:
    :path: "../node_modules/react-native/"
  React-callinvoker:
    :path: "../node_modules/react-native/ReactCommon/callinvoker"
  React-Core:
    :path: "../node_modules/react-native/"
  React-CoreModules:
    :path: "../node_modules/react-native/React/CoreModules"
  React-cxxreact:
    :path: "../node_modules/react-native/ReactCommon/cxxreact"
  React-jsi:
    :path: "../node_modules/react-native/ReactCommon/jsi"
  React-jsiexecutor:
    :path: "../node_modules/react-native/ReactCommon/jsiexecutor"
  React-jsinspector:
    :path: "../node_modules/react-native/ReactCommon/jsinspector"
  react-native-safe-area-context:
    :path: "../node_modules/react-native-safe-area-context"
  React-perflogger:
    :path: "../node_modules/react-native/ReactCommon/reactperflogger"
  React-RCTAnimation:
    :path: "../node_modules/react-native/Libraries/NativeAnimation"
  React-RCTBlob:
    :path: "../node_modules/react-native/Libraries/Blob"
  React-RCTImage:
    :path: "../node_modules/react-native/Libraries/Image"
  React-RCTLinking:
    :path: "../node_modules/react-native/Libraries/LinkingIOS"
  React-RCTNetwork:
    :path: "../node_modules/react-native/Libraries/Network"
  React-RCTSettings:
    :path: "../node_modules/react-native/Libraries/Settings"
  React-RCTText:
    :path: "../node_modules/react-native/Libraries/Text"
  React-runtimeexecutor:
    :path: "../node_modules/react-native/ReactCommon/runtimeexecutor"
  ReactCommon:
    :path: "../node_modules/react-native/ReactCommon"
  RNBootSplash:
    :path: "../node_modules/react-native-bootsplash"
  RNCAsyncStorage:
    :path: "../node_modules/@react-native-async-storage/async-storage"
  RNCMaskedView:
    :path: "../node_modules/@react-native-masked-view/masked-view"
  RNDeviceInfo:
    :path: "../node_modules/react-native-device-info"
  RNFastImage:
    :path: "../node_modules/react-native-fast-image"
  RNGestureHandler:
    :path: "../node_modules/react-native-gesture-handler"
  RNReanimated:
    :path: "../node_modules/react-native-reanimated"
  RNScreens:
    :path: "../node_modules/react-native-screens"
  RNSentry:
    :path: "../node_modules/@sentry/react-native"
  RNSVG:
    :path: "../node_modules/react-native-svg"
  Yoga:
    :path: "../node_modules/react-native/ReactCommon/yoga"

SPEC CHECKSUMS:
  BitmovinAnalyticsCollector: 30206d307cb55192720998b740cd9dff469712bf
  BitmovinPlayer: 55d7513b231281c6206928ace4ebc4d7265fef03
  boost-for-react-native: 39c7adb57c4e60d6c5479dd8623128eb5b3f0f2c
  CocoaAsyncSocket: 065fd1e645c7abab64f7a6a2007a48038fdc6a99
  DoubleConversion: cde416483dac037923206447da6e1454df403714
  FBLazyVector: a4376cfdaffcb31c5bccc46e40a16a4c1cb32f53
  FBReactNativeSpec: f1fdb14789ce8578397970937e2db1c67469f711
  Flipper: 33585e2d9810fe5528346be33bcf71b37bb7ae13
  Flipper-Boost-iOSX: fd1e2b8cbef7e662a122412d7ac5f5bea715403c
  Flipper-DoubleConversion: 38631e41ef4f9b12861c67d17cb5518d06badc41
  Flipper-Fmt: 60cbdd92fc254826e61d669a5d87ef7015396a9b
  Flipper-Folly: 4c7cf530a9038ae25b0fa37e00b00491c467aaea
  Flipper-Glog: 1dfd6abf1e922806c52ceb8701a3599a79a200a6
  Flipper-PeerTalk: c41cddbfcfa98abeebd9c8503eb94d204a145c01
  Flipper-RSocket: d9d9ade67cbecf6ac10730304bf5607266dd2541
  FlipperKit: bc68102cd4952a258a23c9c1b316c7bec1fecf83
  glog: 40a13f7840415b9a77023fbcae0f1e6f43192af3
  libevent: 4049cae6c81cdb3654a443be001fb9bdceff7913
  libwebp: e90b9c01d99205d03b6bb8f2c8c415e5a4ef66f0
  OpenSSL-Universal: ebc357f1e6bc71fa463ccb2fe676756aff50e88c
  RCT-Folly: ec7a233ccc97cc556cf7237f0db1ff65b986f27c
  RCTRequired: b3040967a3c7afea22f022fea4f3385e6e376838
  RCTTypeSafety: 3b7ba98384d6d4d3a3fad21fa38d6bc403b9140e
  React: aa6a3daf8db17b2b5611ebc4a4bb9f891b75b8d4
  React-callinvoker: 9631c4e11c1ec10dc91860f3968d74d1ddb7e95b
  React-Core: 489b8caf6cf9d6476565293d9fc7d552d1233cf4
  React-CoreModules: bc26d2f2cff6565770f5d02d059272e08063e187
  React-cxxreact: d2d8583fc71facb1c45eab34823cf6ec63a62647
  React-jsi: cbc87eec85f6116fac9fe0d2825a170dfd5c6f05
  React-jsiexecutor: 2401d6528ddc44681e0b8532ca1afcf47c1afbb4
  React-jsinspector: 88eee007ec941f1491c6ac2620b4b73cdd5bfb7d
  react-native-safe-area-context: 584dc04881deb49474363f3be89e4ca0e854c057
  React-perflogger: bad096cab299aff4b87cf6ea38ac11ec7f808ef3
  React-RCTAnimation: ef487dbcce85a1674021508d5eba97c1fb08ba6c
  React-RCTBlob: 5bc5bcaac44685d7efcc82a8c566c6438c035fb9
  React-RCTImage: 26e621fb3607d74de279d2683c44cbe9b4472f9d
  React-RCTLinking: 8d0cd669137340e94b28bbbc5f7d1f5d52dd3585
  React-RCTNetwork: b92045188cd83122fc6f454463455b71d6e1dab3
  React-RCTSettings: d830065452a6a1ae0a0901f3a264f459df388baa
  React-RCTText: 3a93a9669569cc70c70ee6d3cf5ab79966c643f5
  React-runtimeexecutor: 047a9bd45f6fc72f02329854c727288bc61b09a4
  ReactCommon: 2258f44c5d338d95b5ea1f14a5c482b3a8024c12
  RNBootSplash: 51eef7e143faeab63f81ddbb7c1de38b8fba66ed
  RNCAsyncStorage: eb05c0284dd6b50b32f92fad55e2a41e03358c43
  RNCMaskedView: c298b644a10c0c142055b3ae24d83879ecb13ccd
  RNDeviceInfo: 55175b0bd852c1c5d70d76efc04ed77799cef638
  RNFastImage: 1f2cab428712a4baaf78d6169eaec7f622556dd7
  RNGestureHandler: a479ebd5ed4221a810967000735517df0d2db211
  RNReanimated: 514a11da3a2bcc6c3dfd9de32b38e2b9bf101926
  RNScreens: 4d79118be80f79fa1f4aa131909a1d6e86280af3
  RNSentry: 68644ef607b780551cc555f084869764f2566652
  RNSVG: 4ecc2e8f38b6ebe7889909570c26f3abe8059767
  SDWebImage: a7f831e1a65eb5e285e3fb046a23fcfbf08e696d
  SDWebImageWebPCoder: f93010f3f6c031e2f8fb3081ca4ee6966c539815
  Sentry: 1d3eb1a25f8c5333c88dd5603904a6d461cd9fcf
  Yoga: e6fad7d759aada82718ccebaaeef8113c431d41e
  YogaKit: 1e22bf2228b3a5ac8cc88965153061ae92c494b5

PODFILE CHECKSUM: ff150ab9f52ce2215f360701da953e40768cd784

COCOAPODS: 1.10.1
